
Microsoft Visual Studio Solution File, Format Version 12.00
# Visual Studio 2013
VisualStudioVersion = 12.0.31101.0
MinimumVisualStudioVersion = 10.0.40219.1
Project("{FAE04EC0-301F-11D3-BF4B-00C04F79EFBC}") = "TfsVisualHistoryVSExtension", "VSExtension\TfsVisualHistoryVSExtension.csproj", "{63817546-D392-4E3E-B485-520FE334623C}"
	ProjectSection(ProjectDependencies) = postProject
		{A040DF02-C510-417B-A5EC-9C4A88D114EA} = {A040DF02-C510-417B-A5EC-9C4A88D114EA}
		{61E0268D-184E-440D-91CB-950C8BA525A9} = {61E0268D-184E-440D-91CB-950C8BA525A9}
		{850D0FC1-695C-4A40-BF29-B04DEA5EAEF8} = {850D0FC1-695C-4A40-BF29-B04DEA5EAEF8}
	EndProjectSection
EndProject
Project("{FAE04EC0-301F-11D3-BF4B-00C04F79EFBC}") = "TfsVisualHistoryTest", "Test\TfsVisualHistoryTest.csproj", "{72E3CD87-0576-46CB-8C0E-90B2B5E4A0C1}"
EndProject
Project("{FAE04EC0-301F-11D3-BF4B-00C04F79EFBC}") = "TfsVisualHistory.VS2012", "TfsVisualHistory\TfsVisualHistory.VS2012.csproj", "{61E0268D-184E-440D-91CB-950C8BA525A9}"
EndProject
Project("{FAE04EC0-301F-11D3-BF4B-00C04F79EFBC}") = "TfsVisualHistory.Common", "TfsVisualHistory.Common\TfsVisualHistory.Common.csproj", "{F7387705-8E05-4AE1-90F0-29830D275681}"
EndProject
Project("{FAE04EC0-301F-11D3-BF4B-00C04F79EFBC}") = "TfsVisualHistory.VS2013", "TfsVisualHistory\TfsVisualHistory.VS2013.csproj", "{A040DF02-C510-417B-A5EC-9C4A88D114EA}"
EndProject
Project("{FAE04EC0-301F-11D3-BF4B-00C04F79EFBC}") = "VisualStudioSelector", "VisualStudioSelector\VisualStudioSelector.csproj", "{54108673-004D-4512-AD32-9F28EAF430E2}"
EndProject
Project("{FAE04EC0-301F-11D3-BF4B-00C04F79EFBC}") = "TfsVisualHistory.VS2015", "TfsVisualHistory\TfsVisualHistory.VS2015.csproj", "{850D0FC1-695C-4A40-BF29-B04DEA5EAEF8}"
EndProject
Global
	GlobalSection(TeamFoundationVersionControl) = preSolution
		SccNumberOfProjects = 8
		SccEnterpriseProvider = {4CA58AB2-18FA-4F8D-95D4-32DDF27D184C}
		SccTeamFoundationServer = https://tfs.codeplex.com/tfs/tfs35
		SccLocalPath0 = .
		SccProjectUniqueName1 = VSExtension\\TfsVisualHistoryVSExtension.csproj
		SccProjectName1 = VSExtension
		SccLocalPath1 = VSExtension
		SccProjectUniqueName2 = Test\\TfsVisualHistoryTest.csproj
		SccProjectName2 = Test
		SccLocalPath2 = Test
		SccProjectUniqueName3 = TfsVisualHistory\\TfsVisualHistory.VS2012.csproj
		SccProjectName3 = TfsVisualHistory
		SccLocalPath3 = TfsVisualHistory
		SccProjectUniqueName4 = TfsVisualHistory.Common\\TfsVisualHistory.Common.csproj
		SccProjectName4 = TfsVisualHistory.Common
		SccLocalPath4 = TfsVisualHistory.Common
		SccProjectUniqueName5 = TfsVisualHistory\\TfsVisualHistory.VS2013.csproj
		SccProjectName5 = TfsVisualHistory
		SccLocalPath5 = TfsVisualHistory
		SccProjectUniqueName6 = VisualStudioSelector\\VisualStudioSelector.csproj
		SccProjectName6 = VisualStudioSelector
		SccLocalPath6 = VisualStudioSelector
		SccProjectUniqueName7 = TfsVisualHistory\\TfsVisualHistory.VS2015.csproj
		SccProjectName7 = TfsVisualHistory
		SccLocalPath7 = TfsVisualHistory
	EndGlobalSection
	GlobalSection(SolutionConfigurationPlatforms) = preSolution
		Debug|Any CPU = Debug|Any CPU
		Release|Any CPU = Release|Any CPU
	EndGlobalSection
	GlobalSection(ProjectConfigurationPlatforms) = postSolution
		{63817546-D392-4E3E-B485-520FE334623C}.Debug|Any CPU.ActiveCfg = Debug|Any CPU
		{63817546-D392-4E3E-B485-520FE334623C}.Debug|Any CPU.Build.0 = Debug|Any CPU
		{63817546-D392-4E3E-B485-520FE334623C}.Release|Any CPU.ActiveCfg = Release|Any CPU
		{63817546-D392-4E3E-B485-520FE334623C}.Release|Any CPU.Build.0 = Release|Any CPU
		{72E3CD87-0576-46CB-8C0E-90B2B5E4A0C1}.Debug|Any CPU.ActiveCfg = Debug|Any CPU
		{72E3CD87-0576-46CB-8C0E-90B2B5E4A0C1}.Debug|Any CPU.Build.0 = Debug|Any CPU
		{72E3CD87-0576-46CB-8C0E-90B2B5E4A0C1}.Release|Any CPU.ActiveCfg = Release|Any CPU
		{72E3CD87-0576-46CB-8C0E-90B2B5E4A0C1}.Release|Any CPU.Build.0 = Release|Any CPU
		{61E0268D-184E-440D-91CB-950C8BA525A9}.Debug|Any CPU.ActiveCfg = Debug|Any CPU
		{61E0268D-184E-440D-91CB-950C8BA525A9}.Debug|Any CPU.Build.0 = Debug|Any CPU
		{61E0268D-184E-440D-91CB-950C8BA525A9}.Release|Any CPU.ActiveCfg = Release|Any CPU
		{61E0268D-184E-440D-91CB-950C8BA525A9}.Release|Any CPU.Build.0 = Release|Any CPU
		{F7387705-8E05-4AE1-90F0-29830D275681}.Debug|Any CPU.ActiveCfg = Debug|Any CPU
		{F7387705-8E05-4AE1-90F0-29830D275681}.Debug|Any CPU.Build.0 = Debug|Any CPU
		{F7387705-8E05-4AE1-90F0-29830D275681}.Release|Any CPU.ActiveCfg = Release|Any CPU
		{F7387705-8E05-4AE1-90F0-29830D275681}.Release|Any CPU.Build.0 = Release|Any CPU
		{A040DF02-C510-417B-A5EC-9C4A88D114EA}.Debug|Any CPU.ActiveCfg = Debug|Any CPU
		{A040DF02-C510-417B-A5EC-9C4A88D114EA}.Debug|Any CPU.Build.0 = Debug|Any CPU
		{A040DF02-C510-417B-A5EC-9C4A88D114EA}.Release|Any CPU.ActiveCfg = Release|Any CPU
		{A040DF02-C510-417B-A5EC-9C4A88D114EA}.Release|Any CPU.Build.0 = Release|Any CPU
		{54108673-004D-4512-AD32-9F28EAF430E2}.Debug|Any CPU.ActiveCfg = Debug|Any CPU
		{54108673-004D-4512-AD32-9F28EAF430E2}.Debug|Any CPU.Build.0 = Debug|Any CPU
		{54108673-004D-4512-AD32-9F28EAF430E2}.Release|Any CPU.ActiveCfg = Release|Any CPU
		{54108673-004D-4512-AD32-9F28EAF430E2}.Release|Any CPU.Build.0 = Release|Any CPU
		{850D0FC1-695C-4A40-BF29-B04DEA5EAEF8}.Debug|Any CPU.ActiveCfg = Debug|Any CPU
		{850D0FC1-695C-4A40-BF29-B04DEA5EAEF8}.Debug|Any CPU.Build.0 = Debug|Any CPU
		{850D0FC1-695C-4A40-BF29-B04DEA5EAEF8}.Release|Any CPU.ActiveCfg = Release|Any CPU
		{850D0FC1-695C-4A40-BF29-B04DEA5EAEF8}.Release|Any CPU.Build.0 = Release|Any CPU
	EndGlobalSection
	GlobalSection(SolutionProperties) = preSolution
		HideSolutionNode = FALSE
	EndGlobalSection
EndGlobal
